// !$*UTF8*$!
{
	archiveVersion = 1;
	classes = {
	};
	objectVersion = 50;
	objects = {

/* Begin PBXBuildFile section */
		02015DF521B24FC9003FE14C /* AppDelegate.swift in Sources */ = {isa = PBXBuildFile; fileRef = 02015DF421B24FC9003FE14C /* AppDelegate.swift */; };
		02015DF721B24FC9003FE14C /* HomeViewController.swift in Sources */ = {isa = PBXBuildFile; fileRef = 02015DF621B24FC9003FE14C /* HomeViewController.swift */; };
		02015DFA21B24FC9003FE14C /* Main.storyboard in Resources */ = {isa = PBXBuildFile; fileRef = 02015DF821B24FC9003FE14C /* Main.storyboard */; };
		02015DFD21B24FC9003FE14C /* pressProject.xcdatamodeld in Sources */ = {isa = PBXBuildFile; fileRef = 02015DFB21B24FC9003FE14C /* pressProject.xcdatamodeld */; };
		02015DFF21B24FCA003FE14C /* Assets.xcassets in Resources */ = {isa = PBXBuildFile; fileRef = 02015DFE21B24FCA003FE14C /* Assets.xcassets */; };
		02015E0221B24FCA003FE14C /* LaunchScreen.storyboard in Resources */ = {isa = PBXBuildFile; fileRef = 02015E0021B24FCA003FE14C /* LaunchScreen.storyboard */; };
		02015E0B21B254EC003FE14C /* StartTableViewCell.swift in Sources */ = {isa = PBXBuildFile; fileRef = 02015E0A21B254EC003FE14C /* StartTableViewCell.swift */; };
		023990F921B2DAED00BEFE85 /* WebViewController.swift in Sources */ = {isa = PBXBuildFile; fileRef = 023990F821B2DAED00BEFE85 /* WebViewController.swift */; };
		02B2937121B2911600AE345D /* LastTableViewCell.swift in Sources */ = {isa = PBXBuildFile; fileRef = 02B2937021B2911600AE345D /* LastTableViewCell.swift */; };
		02B2937321B2918600AE345D /* ArticleTableViewCell.swift in Sources */ = {isa = PBXBuildFile; fileRef = 02B2937221B2918600AE345D /* ArticleTableViewCell.swift */; };
/* End PBXBuildFile section */

/* Begin PBXFileReference section */
		02015DF121B24FC9003FE14C /* pressProject.app */ = {isa = PBXFileReference; explicitFileType = wrapper.application; includeInIndex = 0; path = pressProject.app; sourceTree = BUILT_PRODUCTS_DIR; };
		02015DF421B24FC9003FE14C /* AppDelegate.swift */ = {isa = PBXFileReference; lastKnownFileType = sourcecode.swift; path = AppDelegate.swift; sourceTree = "<group>"; };
		02015DF621B24FC9003FE14C /* HomeViewController.swift */ = {isa = PBXFileReference; lastKnownFileType = sourcecode.swift; path = HomeViewController.swift; sourceTree = "<group>"; };
		02015DF921B24FC9003FE14C /* Base */ = {isa = PBXFileReference; lastKnownFileType = file.storyboard; name = Base; path = Base.lproj/Main.storyboard; sourceTree = "<group>"; };
		02015DFC21B24FC9003FE14C /* pressProject.xcdatamodel */ = {isa = PBXFileReference; lastKnownFileType = wrapper.xcdatamodel; path = pressProject.xcdatamodel; sourceTree = "<group>"; };
		02015DFE21B24FCA003FE14C /* Assets.xcassets */ = {isa = PBXFileReference; lastKnownFileType = folder.assetcatalog; path = Assets.xcassets; sourceTree = "<group>"; };
		02015E0121B24FCA003FE14C /* Base */ = {isa = PBXFileReference; lastKnownFileType = file.storyboard; name = Base; path = Base.lproj/LaunchScreen.storyboard; sourceTree = "<group>"; };
		02015E0321B24FCA003FE14C /* Info.plist */ = {isa = PBXFileReference; lastKnownFileType = text.plist.xml; path = Info.plist; sourceTree = "<group>"; };
		02015E0A21B254EC003FE14C /* StartTableViewCell.swift */ = {isa = PBXFileReference; lastKnownFileType = sourcecode.swift; path = StartTableViewCell.swift; sourceTree = "<group>"; };
		023990F821B2DAED00BEFE85 /* WebViewController.swift */ = {isa = PBXFileReference; lastKnownFileType = sourcecode.swift; path = WebViewController.swift; sourceTree = "<group>"; };
		02B2937021B2911600AE345D /* LastTableViewCell.swift */ = {isa = PBXFileReference; lastKnownFileType = sourcecode.swift; path = LastTableViewCell.swift; sourceTree = "<group>"; };
		02B2937221B2918600AE345D /* ArticleTableViewCell.swift */ = {isa = PBXFileReference; lastKnownFileType = sourcecode.swift; path = ArticleTableViewCell.swift; sourceTree = "<group>"; };
/* End PBXFileReference section */

/* Begin PBXFrameworksBuildPhase section */
		02015DEE21B24FC9003FE14C /* Frameworks */ = {
			isa = PBXFrameworksBuildPhase;
			buildActionMask = 2147483647;
			files = (
			);
			runOnlyForDeploymentPostprocessing = 0;
		};
/* End PBXFrameworksBuildPhase section */

/* Begin PBXGroup section */
		02015DE821B24FC9003FE14C = {
			isa = PBXGroup;
			children = (
				02015DF321B24FC9003FE14C /* pressProject */,
			);
			sourceTree = "<group>";
		};
		02015DF221B24FC9003FE14C /* Products */ = {
			isa = PBXGroup;
			children = (
				02015DF121B24FC9003FE14C /* pressProject.app */,
			);
			name = Products;
			path = ..;
			sourceTree = "<group>";
		};
		02015DF321B24FC9003FE14C /* pressProject */ = {
			isa = PBXGroup;
			children = (
				023990F721B2CBF900BEFE85 /* Cells */,
				02015E0921B24FE9003FE14C /* supporting Files */,
				02015DF621B24FC9003FE14C /* HomeViewController.swift */,
				02015DF821B24FC9003FE14C /* Main.storyboard */,
				023990F821B2DAED00BEFE85 /* WebViewController.swift */,
				02015DFE21B24FCA003FE14C /* Assets.xcassets */,
				02015E0321B24FCA003FE14C /* Info.plist */,
				02015DFB21B24FC9003FE14C /* pressProject.xcdatamodeld */,
				02015DF221B24FC9003FE14C /* Products */,
			);
			path = pressProject;
			sourceTree = "<group>";
		};
		02015E0921B24FE9003FE14C /* supporting Files */ = {
			isa = PBXGroup;
			children = (
				02015DF421B24FC9003FE14C /* AppDelegate.swift */,
				02015E0021B24FCA003FE14C /* LaunchScreen.storyboard */,
			);
			path = "supporting Files";
			sourceTree = "<group>";
		};
		023990F721B2CBF900BEFE85 /* Cells */ = {
			isa = PBXGroup;
			children = (
				02B2937021B2911600AE345D /* LastTableViewCell.swift */,
				02B2937221B2918600AE345D /* ArticleTableViewCell.swift */,
				02015E0A21B254EC003FE14C /* StartTableViewCell.swift */,
			);
			path = Cells;
			sourceTree = "<group>";
		};
/* End PBXGroup section */

/* Begin PBXNativeTarget section */
		02015DF021B24FC9003FE14C /* pressProject */ = {
			isa = PBXNativeTarget;
			buildConfigurationList = 02015E0621B24FCA003FE14C /* Build configuration list for PBXNativeTarget "pressProject" */;
			buildPhases = (
				02015DED21B24FC9003FE14C /* Sources */,
				02015DEE21B24FC9003FE14C /* Frameworks */,
				02015DEF21B24FC9003FE14C /* Resources */,
			);
			buildRules = (
			);
			dependencies = (
			);
			name = pressProject;
			productName = pressProject;
			productReference = 02015DF121B24FC9003FE14C /* pressProject.app */;
			productType = "com.apple.product-type.application";
		};
/* End PBXNativeTarget section */

/* Begin PBXProject section */
		02015DE921B24FC9003FE14C /* Project object */ = {
			isa = PBXProject;
			attributes = {
				LastSwiftUpdateCheck = 1000;
				LastUpgradeCheck = 1000;
				ORGANIZATIONNAME = "minsoo kim";
				TargetAttributes = {
					02015DF021B24FC9003FE14C = {
						CreatedOnToolsVersion = 10.0;
					};
				};
			};
			buildConfigurationList = 02015DEC21B24FC9003FE14C /* Build configuration list for PBXProject "pressProject" */;
			compatibilityVersion = "Xcode 9.3";
			developmentRegion = en;
			hasScannedForEncodings = 0;
			knownRegions = (
				en,
				Base,
			);
			mainGroup = 02015DE821B24FC9003FE14C;
			productRefGroup = 02015DF221B24FC9003FE14C /* Products */;
			projectDirPath = "";
			projectRoot = "";
			targets = (
				02015DF021B24FC9003FE14C /* pressProject */,
			);
		};
/* End PBXProject section */

/* Begin PBXResourcesBuildPhase section */
		02015DEF21B24FC9003FE14C /* Resources */ = {
			isa = PBXResourcesBuildPhase;
			buildActionMask = 2147483647;
			files = (
				02015E0221B24FCA003FE14C /* LaunchScreen.storyboard in Resources */,
				02015DFF21B24FCA003FE14C /* Assets.xcassets in Resources */,
				02015DFA21B24FC9003FE14C /* Main.storyboard in Resources */,
			);
			runOnlyForDeploymentPostprocessing = 0;
		};
/* End PBXResourcesBuildPhase section */

/* Begin PBXSourcesBuildPhase section */
		02015DED21B24FC9003FE14C /* Sources */ = {
			isa = PBXSourcesBuildPhase;
			buildActionMask = 2147483647;
			files = (
				02015E0B21B254EC003FE14C /* StartTableViewCell.swift in Sources */,
				02015DFD21B24FC9003FE14C /* pressProject.xcdatamodeld in Sources */,
				02015DF721B24FC9003FE14C /* HomeViewController.swift in Sources */,
				02015DF521B24FC9003FE14C /* AppDelegate.swift in Sources */,
				023990F921B2DAED00BEFE85 /* WebViewController.swift in Sources */,
				02B2937321B2918600AE345D /* ArticleTableViewCell.swift in Sources */,
				02B2937121B2911600AE345D /* LastTableViewCell.swift in Sources */,
			);
			runOnlyForDeploymentPostprocessing = 0;
		};
/* End PBXSourcesBuildPhase section */

/* Begin PBXVariantGroup section */
		02015DF821B24FC9003FE14C /* Main.storyboard */ = {
			isa = PBXVariantGroup;
			children = (
				02015DF921B24FC9003FE14C /* Base */,
			);
			name = Main.storyboard;
			sourceTree = "<group>";
		};
		02015E0021B24FCA003FE14C /* LaunchScreen.storyboard */ = {
			isa = PBXVariantGroup;
			children = (
				02015E0121B24FCA003FE14C /* Base */,
			);
			name = LaunchScreen.storyboard;
			sourceTree = "<group>";
		};
/* End PBXVariantGroup section */

/* Begin XCBuildConfiguration section */
		02015E0421B24FCA003FE14C /* Debug */ = {
			isa = XCBuildConfiguration;
			buildSettings = {
				ALWAYS_SEARCH_USER_PATHS = NO;
				CLANG_ANALYZER_NONNULL = YES;
				CLANG_ANALYZER_NUMBER_OBJECT_CONVERSION = YES_AGGRESSIVE;
				CLANG_CXX_LANGUAGE_STANDARD = "gnu++14";
				CLANG_CXX_LIBRARY = "libc++";
				CLANG_ENABLE_MODULES = YES;
				CLANG_ENABLE_OBJC_ARC = YES;
				CLANG_ENABLE_OBJC_WEAK = YES;
				CLANG_WARN_BLOCK_CAPTURE_AUTORELEASING = YES;
				CLANG_WARN_BOOL_CONVERSION = YES;
				CLANG_WARN_COMMA = YES;
				CLANG_WARN_CONSTANT_CONVERSION = YES;
				CLANG_WARN_DEPRECATED_OBJC_IMPLEMENTATIONS = YES;
				CLANG_WARN_DIRECT_OBJC_ISA_USAGE = YES_ERROR;
				CLANG_WARN_DOCUMENTATION_COMMENTS = YES;
				CLANG_WARN_EMPTY_BODY = YES;
				CLANG_WARN_ENUM_CONVERSION = YES;
				CLANG_WARN_INFINITE_RECURSION = YES;
				CLANG_WARN_INT_CONVERSION = YES;
				CLANG_WARN_NON_LITERAL_NULL_CONVERSION = YES;
				CLANG_WARN_OBJC_IMPLICIT_RETAIN_SELF = YES;
				CLANG_WARN_OBJC_LITERAL_CONVERSION = YES;
				CLANG_WARN_OBJC_ROOT_CLASS = YES_ERROR;
				CLANG_WARN_RANGE_LOOP_ANALYSIS = YES;
				CLANG_WARN_STRICT_PROTOTYPES = YES;
				CLANG_WARN_SUSPICIOUS_MOVE = YES;
				CLANG_WARN_UNGUARDED_AVAILABILITY = YES_AGGRESSIVE;
				CLANG_WARN_UNREACHABLE_CODE = YES;
				CLANG_WARN__DUPLICATE_METHOD_MATCH = YES;
				CODE_SIGN_IDENTITY = "iPhone Developer";
				COPY_PHASE_STRIP = NO;
				DEBUG_INFORMATION_FORMAT = dwarf;
				ENABLE_STRICT_OBJC_MSGSEND = YES;
				ENABLE_TESTABILITY = YES;
				GCC_C_LANGUAGE_STANDARD = gnu11;
				GCC_DYNAMIC_NO_PIC = NO;
				GCC_NO_COMMON_BLOCKS = YES;
				GCC_OPTIMIZATION_LEVEL = 0;
				GCC_PREPROCESSOR_DEFINITIONS = (
					"DEBUG=1",
					"$(inherited)",
				);
				GCC_WARN_64_TO_32_BIT_CONVERSION = YES;
				GCC_WARN_ABOUT_RETURN_TYPE = YES_ERROR;
				GCC_WARN_UNDECLARED_SELECTOR = YES;
				GCC_WARN_UNINITIALIZED_AUTOS = YES_AGGRESSIVE;
				GCC_WARN_UNUSED_FUNCTION = YES;
				GCC_WARN_UNUSED_VARIABLE = YES;
				IPHONEOS_DEPLOYMENT_TARGET = 12.0;
				MTL_ENABLE_DEBUG_INFO = INCLUDE_SOURCE;
				MTL_FAST_MATH = YES;
				ONLY_ACTIVE_ARCH = YES;
				SDKROOT = iphoneos;
				SWIFT_ACTIVE_COMPILATION_CONDITIONS = DEBUG;
				SWIFT_OPTIMIZATION_LEVEL = "-Onone";
			};
			name = Debug;
		};
		02015E0521B24FCA003FE14C /* Release */ = {
			isa = XCBuildConfiguration;
			buildSettings = {
				ALWAYS_SEARCH_USER_PATHS = NO;
				CLANG_ANALYZER_NONNULL = YES;
				CLANG_ANALYZER_NUMBER_OBJECT_CONVERSION = YES_AGGRESSIVE;
				CLANG_CXX_LANGUAGE_STANDARD = "gnu++14";
				CLANG_CXX_LIBRARY = "libc++";
				CLANG_ENABLE_MODULES = YES;
				CLANG_ENABLE_OBJC_ARC = YES;
				CLANG_ENABLE_OBJC_WEAK = YES;
				CLANG_WARN_BLOCK_CAPTURE_AUTORELEASING = YES;
				CLANG_WARN_BOOL_CONVERSION = YES;
				CLANG_WARN_COMMA = YES;
				CLANG_WARN_CONSTANT_CONVERSION = YES;
				CLANG_WARN_DEPRECATED_OBJC_IMPLEMENTATIONS = YES;
				CLANG_WARN_DIRECT_OBJC_ISA_USAGE = YES_ERROR;
				CLANG_WARN_DOCUMENTATION_COMMENTS = YES;
				CLANG_WARN_EMPTY_BODY = YES;
				CLANG_WARN_ENUM_CONVERSION = YES;
				CLANG_WARN_INFINITE_RECURSION = YES;
				CLANG_WARN_INT_CONVERSION = YES;
				CLANG_WARN_NON_LITERAL_NULL_CONVERSION = YES;
				CLANG_WARN_OBJC_IMPLICIT_RETAIN_SELF = YES;
				CLANG_WARN_OBJC_LITERAL_CONVERSION = YES;
				CLANG_WARN_OBJC_ROOT_CLASS = YES_ERROR;
				CLANG_WARN_RANGE_LOOP_ANALYSIS = YES;
				CLANG_WARN_STRICT_PROTOTYPES = YES;
				CLANG_WARN_SUSPICIOUS_MOVE = YES;
				CLANG_WARN_UNGUARDED_AVAILABILITY = YES_AGGRESSIVE;
				CLANG_WARN_UNREACHABLE_CODE = YES;
				CLANG_WARN__DUPLICATE_METHOD_MATCH = YES;
				CODE_SIGN_IDENTITY = "iPhone Developer";
				COPY_PHASE_STRIP = NO;
				DEBUG_INFORMATION_FORMAT = "dwarf-with-dsym";
				ENABLE_NS_ASSERTIONS = NO;
				ENABLE_STRICT_OBJC_MSGSEND = YES;
				GCC_C_LANGUAGE_STANDARD = gnu11;
				GCC_NO_COMMON_BLOCKS = YES;
				GCC_WARN_64_TO_32_BIT_CONVERSION = YES;
				GCC_WARN_ABOUT_RETURN_TYPE = YES_ERROR;
				GCC_WARN_UNDECLARED_SELECTOR = YES;
				GCC_WARN_UNINITIALIZED_AUTOS = YES_AGGRESSIVE;
				GCC_WARN_UNUSED_FUNCTION = YES;
				GCC_WARN_UNUSED_VARIABLE = YES;
				IPHONEOS_DEPLOYMENT_TARGET = 12.0;
				MTL_ENABLE_DEBUG_INFO = NO;
				MTL_FAST_MATH = YES;
				SDKROOT = iphoneos;
				SWIFT_COMPILATION_MODE = wholemodule;
				SWIFT_OPTIMIZATION_LEVEL = "-O";
				VALIDATE_PRODUCT = YES;
			};
			name = Release;
		};
		02015E0721B24FCA003FE14C /* Debug */ = {
			isa = XCBuildConfiguration;
			buildSettings = {
				ASSETCATALOG_COMPILER_APPICON_NAME = AppIcon;
				CODE_SIGN_STYLE = Automatic;
				DEVELOPMENT_TEAM = CAVCZ3AJRJ;
				INFOPLIST_FILE = pressProject/Info.plist;
				LD_RUNPATH_SEARCH_PATHS = (
					"$(inherited)",
					"@executable_path/Frameworks",
				);
				PRODUCT_BUNDLE_IDENTIFIER = kr.ac.yonsei.minsookim.pressProject;
				PRODUCT_NAME = "$(TARGET_NAME)";
				SWIFT_VERSION = 4.2;
				TARGETED_DEVICE_FAMILY = "1,2";
			};
			name = Debug;
		};
		02015E0821B24FCA003FE14C /* Release */ = {
			isa = XCBuildConfiguration;
			buildSettings = {
				ASSETCATALOG_COMPILER_APPICON_NAME = AppIcon;
				CODE_SIGN_STYLE = Automatic;
				DEVELOPMENT_TEAM = CAVCZ3AJRJ;
				INFOPLIST_FILE = pressProject/Info.plist;
				LD_RUNPATH_SEARCH_PATHS = (
					"$(inherited)",
					"@executable_path/Frameworks",
				);
				PRODUCT_BUNDLE_IDENTIFIER = kr.ac.yonsei.minsookim.pressProject;
				PRODUCT_NAME = "$(TARGET_NAME)";
				SWIFT_VERSION = 4.2;
				TARGETED_DEVICE_FAMILY = "1,2";
			};
			name = Release;
		};
/* End XCBuildConfiguration section */

/* Begin XCConfigurationList section */
		02015DEC21B24FC9003FE14C /* Build configuration list for PBXProject "pressProject" */ = {
			isa = XCConfigurationList;
			buildConfigurations = (
				02015E0421B24FCA003FE14C /* Debug */,
				02015E0521B24FCA003FE14C /* Release */,
			);
			defaultConfigurationIsVisible = 0;
			defaultConfigurationName = Release;
		};
		02015E0621B24FCA003FE14C /* Build configuration list for PBXNativeTarget "pressProject" */ = {
			isa = XCConfigurationList;
			buildConfigurations = (
				02015E0721B24FCA003FE14C /* Debug */,
				02015E0821B24FCA003FE14C /* Release */,
			);
			defaultConfigurationIsVisible = 0;
			defaultConfigurationName = Release;
		};
/* End XCConfigurationList section */

/* Begin XCVersionGroup section */
		02015DFB21B24FC9003FE14C /* pressProject.xcdatamodeld */ = {
			isa = XCVersionGroup;
			children = (
				02015DFC21B24FC9003FE14C /* pressProject.xcdatamodel */,
			);
			currentVersion = 02015DFC21B24FC9003FE14C /* pressProject.xcdatamodel */;
			path = pressProject.xcdatamodeld;
			sourceTree = "<group>";
			versionGroupType = wrapper.xcdatamodel;
		};
/* End XCVersionGroup section */
	};
	rootObject = 02015DE921B24FC9003FE14C /* Project object */;
}
